PODS:
  - Bolts (1.6.0):
    - Bolts/AppLinks (= 1.6.0)
    - Bolts/Tasks (= 1.6.0)
  - Bolts/AppLinks (1.6.0):
    - Bolts/Tasks
  - Bolts/Tasks (1.6.0)
  - FBSDKCoreKit (4.9.1):
    - Bolts (~> 1.5)
  - FBSDKLoginKit (4.9.1):
    - FBSDKCoreKit
  - Parse (1.12.0):
    - Bolts/Tasks (~> 1.5)
  - ParseFacebookUtilsV4 (1.11.0):
    - Bolts/Tasks (>= 1.5)
    - FBSDKCoreKit (~> 4.9.0-beta)
    - FBSDKLoginKit (~> 4.9.0-beta)
    - FBSDKTVOSKit (~> 4.9.0-beta)
    - Parse (~> 1.11)
  - ParseTwitterUtils (1.10.0):
    - Bolts/Tasks (~> 1.5)
    - Parse (~> 1.9)
  - Stripe (6.2.0):
    - Stripe/Core (= 6.2.0)
  - Stripe/Core (6.2.0)

DEPENDENCIES:
  - Bolts
  - FBSDKCoreKit
  - FBSDKLoginKit
  - Parse
  - ParseFacebookUtilsV4 (~> 1.11.0)
  - ParseTwitterUtils
  - Stripe

SPEC CHECKSUMS:
  Bolts: f52a250053bb517ca874523c3913776359ab3def
  FBSDKCoreKit: aee20b6d9855f15b618d4fddd1a5ad45f5a4a59d
  FBSDKLoginKit: ec22dc49bd372b064e93d6773df4ffefb3a552a2
  Parse: de2c52a9a1421b91ae7594ab8ce191afd184f19b
  ParseFacebookUtilsV4: 216e03bd560404eed09a4875c75f0c1cdf758070
  ParseTwitterUtils: 8856ac80da50bbb0f0bcf251def20b62e1ae6bc4
  Stripe: 275524137e6c4cc1058f6d32ece248adf30a21f9

COCOAPODS: 0.38.2
