// !$*UTF8*$!
{
	archiveVersion = 1;
	classes = {
	};
	objectVersion = 46;
	objects = {

/* Begin PBXBuildFile section */
		680820651B82A1B400E43B98 /* TicketsGenerator.swift in Sources */ = {isa = PBXBuildFile; fileRef = 680820641B82A1B400E43B98 /* TicketsGenerator.swift */; };
		6808206D1B82AB1800E43B98 /* Bolts.framework in Frameworks */ = {isa = PBXBuildFile; fileRef = 680820661B82AB1800E43B98 /* Bolts.framework */; };
		6808206E1B82AB1800E43B98 /* Parse.framework in Frameworks */ = {isa = PBXBuildFile; fileRef = 680820671B82AB1800E43B98 /* Parse.framework */; };
		6808206F1B82AB1800E43B98 /* ParseCrashReporting.framework in Frameworks */ = {isa = PBXBuildFile; fileRef = 680820681B82AB1800E43B98 /* ParseCrashReporting.framework */; };
		680820701B82AB1800E43B98 /* ParseFacebookUtils.framework in Frameworks */ = {isa = PBXBuildFile; fileRef = 680820691B82AB1800E43B98 /* ParseFacebookUtils.framework */; };
		680820711B82AB1800E43B98 /* ParseFacebookUtilsV4.framework in Frameworks */ = {isa = PBXBuildFile; fileRef = 6808206A1B82AB1800E43B98 /* ParseFacebookUtilsV4.framework */; };
		680820721B82AB1800E43B98 /* ParseTwitterUtils.framework in Frameworks */ = {isa = PBXBuildFile; fileRef = 6808206B1B82AB1800E43B98 /* ParseTwitterUtils.framework */; };
		680820731B82AB1800E43B98 /* ParseUI.framework in Frameworks */ = {isa = PBXBuildFile; fileRef = 6808206C1B82AB1800E43B98 /* ParseUI.framework */; };
		681597D21AFEF72E003582D4 /* Images.xcassets in Resources */ = {isa = PBXBuildFile; fileRef = 681597B81AFEF72E003582D4 /* Images.xcassets */; };
		682B78141AEE0B9200762247 /* AlbumPhotosViewController.swift in Sources */ = {isa = PBXBuildFile; fileRef = 682B78131AEE0B9200762247 /* AlbumPhotosViewController.swift */; };
		682B78161AEE0C5300762247 /* FlickrSearcher.swift in Sources */ = {isa = PBXBuildFile; fileRef = 682B78151AEE0C5300762247 /* FlickrSearcher.swift */; };
		682B78181AEE11D500762247 /* AlbumPhotoCell.swift in Sources */ = {isa = PBXBuildFile; fileRef = 682B78171AEE11D500762247 /* AlbumPhotoCell.swift */; };
		6837DCB61AA1C79A00115F61 /* MyNightsTableViewController .swift in Sources */ = {isa = PBXBuildFile; fileRef = 6837DCB51AA1C79A00115F61 /* MyNightsTableViewController .swift */; };
		683B868C1A41BC9500C3EA24 /* SideMenu.swift in Sources */ = {isa = PBXBuildFile; fileRef = 683B868A1A41BC9500C3EA24 /* SideMenu.swift */; };
		683B868D1A41BC9500C3EA24 /* SideMenuNavigationController.swift in Sources */ = {isa = PBXBuildFile; fileRef = 683B868B1A41BC9500C3EA24 /* SideMenuNavigationController.swift */; };
		683B868F1A41BCB300C3EA24 /* MyNavigationController.swift in Sources */ = {isa = PBXBuildFile; fileRef = 683B868E1A41BCB300C3EA24 /* MyNavigationController.swift */; };
		687224B81AAE96430098DCB4 /* Lato-Light.ttf in Resources */ = {isa = PBXBuildFile; fileRef = 687224B71AAE96430098DCB4 /* Lato-Light.ttf */; };
		687224B91AAE96430098DCB4 /* Lato-Light.ttf in Resources */ = {isa = PBXBuildFile; fileRef = 687224B71AAE96430098DCB4 /* Lato-Light.ttf */; };
		687224BC1AAE96940098DCB4 /* Lato-Bold.ttf in Resources */ = {isa = PBXBuildFile; fileRef = 687224BA1AAE96940098DCB4 /* Lato-Bold.ttf */; };
		687224BD1AAE96940098DCB4 /* Lato-Bold.ttf in Resources */ = {isa = PBXBuildFile; fileRef = 687224BA1AAE96940098DCB4 /* Lato-Bold.ttf */; };
		687224BE1AAE96940098DCB4 /* Lato-Regular.ttf in Resources */ = {isa = PBXBuildFile; fileRef = 687224BB1AAE96940098DCB4 /* Lato-Regular.ttf */; };
		687224BF1AAE96940098DCB4 /* Lato-Regular.ttf in Resources */ = {isa = PBXBuildFile; fileRef = 687224BB1AAE96940098DCB4 /* Lato-Regular.ttf */; };
		68745AEF1A97891700A3AC30 /* CreateAccountViewController.swift in Sources */ = {isa = PBXBuildFile; fileRef = 68745AEE1A97891700A3AC30 /* CreateAccountViewController.swift */; };
		688EE5631A79062F000AD63D /* NightsTableViewController.swift in Sources */ = {isa = PBXBuildFile; fileRef = 688EE5621A79062F000AD63D /* NightsTableViewController.swift */; };
		688EE56A1A79234F000AD63D /* NightsTableViewCell.swift in Sources */ = {isa = PBXBuildFile; fileRef = 688EE5691A79234F000AD63D /* NightsTableViewCell.swift */; };
		689719AB1AFA1C0A00D73564 /* libsqlite3.dylib in Frameworks */ = {isa = PBXBuildFile; fileRef = 689719AA1AFA1C0A00D73564 /* libsqlite3.dylib */; };
		689F19AC1A7686B500B98698 /* NewsTableViewController.swift in Sources */ = {isa = PBXBuildFile; fileRef = 689F19AB1A7686B500B98698 /* NewsTableViewController.swift */; };
		689F7D461A9CA40B00220DD4 /* FacebookSDK.framework in Frameworks */ = {isa = PBXBuildFile; fileRef = 689F7D441A9CA40B00220DD4 /* FacebookSDK.framework */; };
		689F7D471A9CA40B00220DD4 /* FBAudienceNetwork.framework in Frameworks */ = {isa = PBXBuildFile; fileRef = 689F7D451A9CA40B00220DD4 /* FBAudienceNetwork.framework */; };
		689F7D4D1A9DE3D900220DD4 /* NightDetailsViewController.swift in Sources */ = {isa = PBXBuildFile; fileRef = 689F7D4C1A9DE3D900220DD4 /* NightDetailsViewController.swift */; };
		68C1A41B1A41AFBC00A17A97 /* MyMenuTableViewController.swift in Sources */ = {isa = PBXBuildFile; fileRef = 68C1A41A1A41AFBC00A17A97 /* MyMenuTableViewController.swift */; };
		68CCF4391ADD69C500E2E6D2 /* EditProfileTableViewController.swift in Sources */ = {isa = PBXBuildFile; fileRef = 68CCF4381ADD69C500E2E6D2 /* EditProfileTableViewController.swift */; };
		68DA58DB1A33617000B3A236 /* AudioToolbox.framework in Frameworks */ = {isa = PBXBuildFile; fileRef = 68DA58DA1A33617000B3A236 /* AudioToolbox.framework */; };
		68DA58DD1A33617800B3A236 /* CFNetwork.framework in Frameworks */ = {isa = PBXBuildFile; fileRef = 68DA58DC1A33617700B3A236 /* CFNetwork.framework */; };
		68DA58DF1A33618000B3A236 /* CoreGraphics.framework in Frameworks */ = {isa = PBXBuildFile; fileRef = 68DA58DE1A33618000B3A236 /* CoreGraphics.framework */; };
		68DA58E11A33618800B3A236 /* CoreAudio.framework in Frameworks */ = {isa = PBXBuildFile; fileRef = 68DA58E01A33618800B3A236 /* CoreAudio.framework */; };
		68DA58E31A33619200B3A236 /* libz.dylib in Frameworks */ = {isa = PBXBuildFile; fileRef = 68DA58E21A33619200B3A236 /* libz.dylib */; };
		68DA58E51A33619A00B3A236 /* MobileCoreServices.framework in Frameworks */ = {isa = PBXBuildFile; fileRef = 68DA58E41A33619A00B3A236 /* MobileCoreServices.framework */; };
		68DA58E71A3361A000B3A236 /* QuartzCore.framework in Frameworks */ = {isa = PBXBuildFile; fileRef = 68DA58E61A3361A000B3A236 /* QuartzCore.framework */; };
		68DA58E91A3361A700B3A236 /* Security.framework in Frameworks */ = {isa = PBXBuildFile; fileRef = 68DA58E81A3361A700B3A236 /* Security.framework */; };
		68DA58EB1A3361AD00B3A236 /* StoreKit.framework in Frameworks */ = {isa = PBXBuildFile; fileRef = 68DA58EA1A3361AD00B3A236 /* StoreKit.framework */; };
		68DA58ED1A3361B600B3A236 /* SystemConfiguration.framework in Frameworks */ = {isa = PBXBuildFile; fileRef = 68DA58EC1A3361B600B3A236 /* SystemConfiguration.framework */; };
		68DA58FB1A33621000B3A236 /* Parse.framework in Frameworks */ = {isa = PBXBuildFile; fileRef = 68DA58F71A33620F00B3A236 /* Parse.framework */; };
		68DA58FC1A33621000B3A236 /* ParseFacebookUtils.framework in Frameworks */ = {isa = PBXBuildFile; fileRef = 68DA58F81A33620F00B3A236 /* ParseFacebookUtils.framework */; };
		68DA58FD1A33621000B3A236 /* ParseUI.framework in Frameworks */ = {isa = PBXBuildFile; fileRef = 68DA58F91A33620F00B3A236 /* ParseUI.framework */; };
		68E329291A1A5B8100883116 /* AppDelegate.swift in Sources */ = {isa = PBXBuildFile; fileRef = 68E329281A1A5B8100883116 /* AppDelegate.swift */; };
		68E3292B1A1A5B8100883116 /* ConnectViewController.swift in Sources */ = {isa = PBXBuildFile; fileRef = 68E3292A1A1A5B8100883116 /* ConnectViewController.swift */; };
		68E3292E1A1A5B8100883116 /* Main.storyboard in Resources */ = {isa = PBXBuildFile; fileRef = 68E3292C1A1A5B8100883116 /* Main.storyboard */; };
		68E329331A1A5B8100883116 /* LaunchScreen.xib in Resources */ = {isa = PBXBuildFile; fileRef = 68E329311A1A5B8100883116 /* LaunchScreen.xib */; };
		68E3293F1A1A5B8100883116 /* BenightTests.swift in Sources */ = {isa = PBXBuildFile; fileRef = 68E3293E1A1A5B8100883116 /* BenightTests.swift */; };
		68F473941AAD694E00C26A29 /* ResponsiveTextFieldViewController.swift in Sources */ = {isa = PBXBuildFile; fileRef = 68F473931AAD694E00C26A29 /* ResponsiveTextFieldViewController.swift */; };
		68F473961AADE52600C26A29 /* ProfileTableViewController.swift in Sources */ = {isa = PBXBuildFile; fileRef = 68F473951AADE52600C26A29 /* ProfileTableViewController.swift */; };
		68F617701B7D5F5700290867 /* PassKit.framework in Frameworks */ = {isa = PBXBuildFile; fileRef = 68F6176F1B7D5F5700290867 /* PassKit.framework */; };
/* End PBXBuildFile section */

/* Begin PBXContainerItemProxy section */
		68E329391A1A5B8100883116 /* PBXContainerItemProxy */ = {
			isa = PBXContainerItemProxy;
			containerPortal = 68E3291B1A1A5B8100883116 /* Project object */;
			proxyType = 1;
			remoteGlobalIDString = 68E329221A1A5B8100883116;
			remoteInfo = Benight;
		};
/* End PBXContainerItemProxy section */

/* Begin PBXFileReference section */
		680820641B82A1B400E43B98 /* TicketsGenerator.swift */ = {isa = PBXFileReference; fileEncoding = 4; lastKnownFileType = sourcecode.swift; path = TicketsGenerator.swift; sourceTree = "<group>"; };
		680820661B82AB1800E43B98 /* Bolts.framework */ = {isa = PBXFileReference; lastKnownFileType = wrapper.framework; name = Bolts.framework; path = "../../../Downloads/parse-library-1-2/Bolts.framework"; sourceTree = "<group>"; };
		680820671B82AB1800E43B98 /* Parse.framework */ = {isa = PBXFileReference; lastKnownFileType = wrapper.framework; name = Parse.framework; path = "../../../Downloads/parse-library-1-2/Parse.framework"; sourceTree = "<group>"; };
		680820681B82AB1800E43B98 /* ParseCrashReporting.framework */ = {isa = PBXFileReference; lastKnownFileType = wrapper.framework; name = ParseCrashReporting.framework; path = "../../../Downloads/parse-library-1-2/ParseCrashReporting.framework"; sourceTree = "<group>"; };
		680820691B82AB1800E43B98 /* ParseFacebookUtils.framework */ = {isa = PBXFileReference; lastKnownFileType = wrapper.framework; name = ParseFacebookUtils.framework; path = "../../../Downloads/parse-library-1-2/ParseFacebookUtils.framework"; sourceTree = "<group>"; };
		6808206A1B82AB1800E43B98 /* ParseFacebookUtilsV4.framework */ = {isa = PBXFileReference; lastKnownFileType = wrapper.framework; name = ParseFacebookUtilsV4.framework; path = "../../../Downloads/parse-library-1-2/ParseFacebookUtilsV4.framework"; sourceTree = "<group>"; };
		6808206B1B82AB1800E43B98 /* ParseTwitterUtils.framework */ = {isa = PBXFileReference; lastKnownFileType = wrapper.framework; name = ParseTwitterUtils.framework; path = "../../../Downloads/parse-library-1-2/ParseTwitterUtils.framework"; sourceTree = "<group>"; };
		6808206C1B82AB1800E43B98 /* ParseUI.framework */ = {isa = PBXFileReference; lastKnownFileType = wrapper.framework; name = ParseUI.framework; path = "../../../Downloads/parse-library-1-2/ParseUI.framework"; sourceTree = "<group>"; };
		681597B81AFEF72E003582D4 /* Images.xcassets */ = {isa = PBXFileReference; lastKnownFileType = folder.assetcatalog; path = Images.xcassets; sourceTree = "<group>"; };
		682B78131AEE0B9200762247 /* AlbumPhotosViewController.swift */ = {isa = PBXFileReference; fileEncoding = 4; lastKnownFileType = sourcecode.swift; path = AlbumPhotosViewController.swift; sourceTree = "<group>"; };
		682B78151AEE0C5300762247 /* FlickrSearcher.swift */ = {isa = PBXFileReference; fileEncoding = 4; lastKnownFileType = sourcecode.swift; path = FlickrSearcher.swift; sourceTree = "<group>"; };
		682B78171AEE11D500762247 /* AlbumPhotoCell.swift */ = {isa = PBXFileReference; fileEncoding = 4; lastKnownFileType = sourcecode.swift; path = AlbumPhotoCell.swift; sourceTree = "<group>"; };
		6837DCB51AA1C79A00115F61 /* MyNightsTableViewController .swift */ = {isa = PBXFileReference; fileEncoding = 4; lastKnownFileType = sourcecode.swift; path = "MyNightsTableViewController .swift"; sourceTree = "<group>"; };
		683B868A1A41BC9500C3EA24 /* SideMenu.swift */ = {isa = PBXFileReference; fileEncoding = 4; lastKnownFileType = sourcecode.swift; name = SideMenu.swift; path = Benight/SideMenu.swift; sourceTree = "<group>"; };
		683B868B1A41BC9500C3EA24 /* SideMenuNavigationController.swift */ = {isa = PBXFileReference; fileEncoding = 4; lastKnownFileType = sourcecode.swift; name = SideMenuNavigationController.swift; path = Benight/SideMenuNavigationController.swift; sourceTree = "<group>"; };
		683B868E1A41BCB300C3EA24 /* MyNavigationController.swift */ = {isa = PBXFileReference; fileEncoding = 4; lastKnownFileType = sourcecode.swift; path = MyNavigationController.swift; sourceTree = "<group>"; };
		687224B71AAE96430098DCB4 /* Lato-Light.ttf */ = {isa = PBXFileReference; lastKnownFileType = file; path = "Lato-Light.ttf"; sourceTree = "<group>"; };
		687224BA1AAE96940098DCB4 /* Lato-Bold.ttf */ = {isa = PBXFileReference; lastKnownFileType = file; path = "Lato-Bold.ttf"; sourceTree = "<group>"; };
		687224BB1AAE96940098DCB4 /* Lato-Regular.ttf */ = {isa = PBXFileReference; lastKnownFileType = file; path = "Lato-Regular.ttf"; sourceTree = "<group>"; };
		68745AEE1A97891700A3AC30 /* CreateAccountViewController.swift */ = {isa = PBXFileReference; fileEncoding = 4; lastKnownFileType = sourcecode.swift; path = CreateAccountViewController.swift; sourceTree = "<group>"; };
		688EE5621A79062F000AD63D /* NightsTableViewController.swift */ = {isa = PBXFileReference; fileEncoding = 4; lastKnownFileType = sourcecode.swift; path = NightsTableViewController.swift; sourceTree = "<group>"; };
		688EE5691A79234F000AD63D /* NightsTableViewCell.swift */ = {isa = PBXFileReference; fileEncoding = 4; lastKnownFileType = sourcecode.swift; path = NightsTableViewCell.swift; sourceTree = "<group>"; };
		689719AA1AFA1C0A00D73564 /* libsqlite3.dylib */ = {isa = PBXFileReference; lastKnownFileType = "compiled.mach-o.dylib"; name = libsqlite3.dylib; path = usr/lib/libsqlite3.dylib; sourceTree = SDKROOT; };
		689F19AB1A7686B500B98698 /* NewsTableViewController.swift */ = {isa = PBXFileReference; fileEncoding = 4; lastKnownFileType = sourcecode.swift; path = NewsTableViewController.swift; sourceTree = "<group>"; };
		689F7D441A9CA40B00220DD4 /* FacebookSDK.framework */ = {isa = PBXFileReference; lastKnownFileType = wrapper.framework; path = FacebookSDK.framework; sourceTree = "<group>"; };
		689F7D451A9CA40B00220DD4 /* FBAudienceNetwork.framework */ = {isa = PBXFileReference; lastKnownFileType = wrapper.framework; path = FBAudienceNetwork.framework; sourceTree = "<group>"; };
		689F7D4C1A9DE3D900220DD4 /* NightDetailsViewController.swift */ = {isa = PBXFileReference; fileEncoding = 4; lastKnownFileType = sourcecode.swift; path = NightDetailsViewController.swift; sourceTree = "<group>"; };
		68C1A41A1A41AFBC00A17A97 /* MyMenuTableViewController.swift */ = {isa = PBXFileReference; fileEncoding = 4; lastKnownFileType = sourcecode.swift; path = MyMenuTableViewController.swift; sourceTree = "<group>"; };
		68CCF4381ADD69C500E2E6D2 /* EditProfileTableViewController.swift */ = {isa = PBXFileReference; fileEncoding = 4; lastKnownFileType = sourcecode.swift; path = EditProfileTableViewController.swift; sourceTree = "<group>"; };
		68DA58DA1A33617000B3A236 /* AudioToolbox.framework */ = {isa = PBXFileReference; lastKnownFileType = wrapper.framework; name = AudioToolbox.framework; path = System/Library/Frameworks/AudioToolbox.framework; sourceTree = SDKROOT; };
		68DA58DC1A33617700B3A236 /* CFNetwork.framework */ = {isa = PBXFileReference; lastKnownFileType = wrapper.framework; name = CFNetwork.framework; path = System/Library/Frameworks/CFNetwork.framework; sourceTree = SDKROOT; };
		68DA58DE1A33618000B3A236 /* CoreGraphics.framework */ = {isa = PBXFileReference; lastKnownFileType = wrapper.framework; name = CoreGraphics.framework; path = System/Library/Frameworks/CoreGraphics.framework; sourceTree = SDKROOT; };
		68DA58E01A33618800B3A236 /* CoreAudio.framework */ = {isa = PBXFileReference; lastKnownFileType = wrapper.framework; name = CoreAudio.framework; path = System/Library/Frameworks/CoreAudio.framework; sourceTree = SDKROOT; };
		68DA58E21A33619200B3A236 /* libz.dylib */ = {isa = PBXFileReference; lastKnownFileType = "compiled.mach-o.dylib"; name = libz.dylib; path = usr/lib/libz.dylib; sourceTree = SDKROOT; };
		68DA58E41A33619A00B3A236 /* MobileCoreServices.framework */ = {isa = PBXFileReference; lastKnownFileType = wrapper.framework; name = MobileCoreServices.framework; path = System/Library/Frameworks/MobileCoreServices.framework; sourceTree = SDKROOT; };
		68DA58E61A3361A000B3A236 /* QuartzCore.framework */ = {isa = PBXFileReference; lastKnownFileType = wrapper.framework; name = QuartzCore.framework; path = System/Library/Frameworks/QuartzCore.framework; sourceTree = SDKROOT; };
		68DA58E81A3361A700B3A236 /* Security.framework */ = {isa = PBXFileReference; lastKnownFileType = wrapper.framework; name = Security.framework; path = System/Library/Frameworks/Security.framework; sourceTree = SDKROOT; };
		68DA58EA1A3361AD00B3A236 /* StoreKit.framework */ = {isa = PBXFileReference; lastKnownFileType = wrapper.framework; name = StoreKit.framework; path = System/Library/Frameworks/StoreKit.framework; sourceTree = SDKROOT; };
		68DA58EC1A3361B600B3A236 /* SystemConfiguration.framework */ = {isa = PBXFileReference; lastKnownFileType = wrapper.framework; name = SystemConfiguration.framework; path = System/Library/Frameworks/SystemConfiguration.framework; sourceTree = SDKROOT; };
		68DA58F71A33620F00B3A236 /* Parse.framework */ = {isa = PBXFileReference; lastKnownFileType = wrapper.framework; name = Parse.framework; path = Benight/Framwork/Parse.framework; sourceTree = "<group>"; };
		68DA58F81A33620F00B3A236 /* ParseFacebookUtils.framework */ = {isa = PBXFileReference; lastKnownFileType = wrapper.framework; name = ParseFacebookUtils.framework; path = Benight/Framwork/ParseFacebookUtils.framework; sourceTree = "<group>"; };
		68DA58F91A33620F00B3A236 /* ParseUI.framework */ = {isa = PBXFileReference; lastKnownFileType = wrapper.framework; name = ParseUI.framework; path = Benight/Framwork/ParseUI.framework; sourceTree = "<group>"; };
		68DA58FF1A3362AE00B3A236 /* Benight-Bridging-Header.h */ = {isa = PBXFileReference; lastKnownFileType = sourcecode.c.h; path = "Benight-Bridging-Header.h"; sourceTree = "<group>"; };
		68E329231A1A5B8100883116 /* Benight.app */ = {isa = PBXFileReference; explicitFileType = wrapper.application; includeInIndex = 0; path = Benight.app; sourceTree = BUILT_PRODUCTS_DIR; };
		68E329271A1A5B8100883116 /* Info.plist */ = {isa = PBXFileReference; lastKnownFileType = text.plist.xml; path = Info.plist; sourceTree = "<group>"; };
		68E329281A1A5B8100883116 /* AppDelegate.swift */ = {isa = PBXFileReference; lastKnownFileType = sourcecode.swift; path = AppDelegate.swift; sourceTree = "<group>"; };
		68E3292A1A1A5B8100883116 /* ConnectViewController.swift */ = {isa = PBXFileReference; lastKnownFileType = sourcecode.swift; path = ConnectViewController.swift; sourceTree = "<group>"; };
		68E3292D1A1A5B8100883116 /* Base */ = {isa = PBXFileReference; lastKnownFileType = file.storyboard; name = Base; path = Base.lproj/Main.storyboard; sourceTree = "<group>"; };
		68E329321A1A5B8100883116 /* Base */ = {isa = PBXFileReference; lastKnownFileType = file.xib; name = Base; path = Base.lproj/LaunchScreen.xib; sourceTree = "<group>"; };
		68E329381A1A5B8100883116 /* BenightTests.xctest */ = {isa = PBXFileReference; explicitFileType = wrapper.cfbundle; includeInIndex = 0; path = BenightTests.xctest; sourceTree = BUILT_PRODUCTS_DIR; };
		68E3293D1A1A5B8100883116 /* Info.plist */ = {isa = PBXFileReference; lastKnownFileType = text.plist.xml; path = Info.plist; sourceTree = "<group>"; };
		68E3293E1A1A5B8100883116 /* BenightTests.swift */ = {isa = PBXFileReference; lastKnownFileType = sourcecode.swift; path = BenightTests.swift; sourceTree = "<group>"; };
		68F473931AAD694E00C26A29 /* ResponsiveTextFieldViewController.swift */ = {isa = PBXFileReference; fileEncoding = 4; lastKnownFileType = sourcecode.swift; path = ResponsiveTextFieldViewController.swift; sourceTree = "<group>"; };
		68F473951AADE52600C26A29 /* ProfileTableViewController.swift */ = {isa = PBXFileReference; fileEncoding = 4; lastKnownFileType = sourcecode.swift; name = ProfileTableViewController.swift; path = ../ProfileTableViewController.swift; sourceTree = "<group>"; };
		68F6176F1B7D5F5700290867 /* PassKit.framework */ = {isa = PBXFileReference; lastKnownFileType = wrapper.framework; name = PassKit.framework; path = System/Library/Frameworks/PassKit.framework; sourceTree = SDKROOT; };
		68F617711B7D5F5700290867 /* Benight.entitlements */ = {isa = PBXFileReference; lastKnownFileType = text.xml; path = Benight.entitlements; sourceTree = "<group>"; };
/* End PBXFileReference section */

/* Begin PBXFrameworksBuildPhase section */
		68E329201A1A5B8100883116 /* Frameworks */ = {
			isa = PBXFrameworksBuildPhase;
			buildActionMask = 2147483647;
			files = (
				689719AB1AFA1C0A00D73564 /* libsqlite3.dylib in Frameworks */,
				68DA58FB1A33621000B3A236 /* Parse.framework in Frameworks */,
				68DA58FC1A33621000B3A236 /* ParseFacebookUtils.framework in Frameworks */,
				68DA58FD1A33621000B3A236 /* ParseUI.framework in Frameworks */,
				68DA58ED1A3361B600B3A236 /* SystemConfiguration.framework in Frameworks */,
				680820721B82AB1800E43B98 /* ParseTwitterUtils.framework in Frameworks */,
				680820731B82AB1800E43B98 /* ParseUI.framework in Frameworks */,
				68DA58EB1A3361AD00B3A236 /* StoreKit.framework in Frameworks */,
				68F617701B7D5F5700290867 /* PassKit.framework in Frameworks */,
				68DA58E91A3361A700B3A236 /* Security.framework in Frameworks */,
				689F7D471A9CA40B00220DD4 /* FBAudienceNetwork.framework in Frameworks */,
				68DA58E71A3361A000B3A236 /* QuartzCore.framework in Frameworks */,
				680820711B82AB1800E43B98 /* ParseFacebookUtilsV4.framework in Frameworks */,
				68DA58E51A33619A00B3A236 /* MobileCoreServices.framework in Frameworks */,
				6808206F1B82AB1800E43B98 /* ParseCrashReporting.framework in Frameworks */,
				68DA58E31A33619200B3A236 /* libz.dylib in Frameworks */,
				68DA58E11A33618800B3A236 /* CoreAudio.framework in Frameworks */,
				680820701B82AB1800E43B98 /* ParseFacebookUtils.framework in Frameworks */,
				6808206E1B82AB1800E43B98 /* Parse.framework in Frameworks */,
				689F7D461A9CA40B00220DD4 /* FacebookSDK.framework in Frameworks */,
				68DA58DF1A33618000B3A236 /* CoreGraphics.framework in Frameworks */,
				6808206D1B82AB1800E43B98 /* Bolts.framework in Frameworks */,
				68DA58DD1A33617800B3A236 /* CFNetwork.framework in Frameworks */,
				68DA58DB1A33617000B3A236 /* AudioToolbox.framework in Frameworks */,
			);
			runOnlyForDeploymentPostprocessing = 0;
		};
		68E329351A1A5B8100883116 /* Frameworks */ = {
			isa = PBXFrameworksBuildPhase;
			buildActionMask = 2147483647;
			files = (
			);
			runOnlyForDeploymentPostprocessing = 0;
		};
/* End PBXFrameworksBuildPhase section */

/* Begin PBXGroup section */
		682B78191AEE125D00762247 /* Albums */ = {
			isa = PBXGroup;
			children = (
				682B78171AEE11D500762247 /* AlbumPhotoCell.swift */,
				682B78131AEE0B9200762247 /* AlbumPhotosViewController.swift */,
			);
			name = Albums;
			sourceTree = "<group>";
		};
		682B781A1AEFF59C00762247 /* Menu / Connection */ = {
			isa = PBXGroup;
			children = (
				683B868E1A41BCB300C3EA24 /* MyNavigationController.swift */,
				68E3292A1A1A5B8100883116 /* ConnectViewController.swift */,
				68745AEE1A97891700A3AC30 /* CreateAccountViewController.swift */,
				68C1A41A1A41AFBC00A17A97 /* MyMenuTableViewController.swift */,
			);
			name = "Menu / Connection";
			sourceTree = "<group>";
		};
		682B781B1AF012B600762247 /* Genrals Controlers */ = {
			isa = PBXGroup;
			children = (
				682B78151AEE0C5300762247 /* FlickrSearcher.swift */,
				68F473931AAD694E00C26A29 /* ResponsiveTextFieldViewController.swift */,
			);
			name = "Genrals Controlers";
			sourceTree = "<group>";
		};
		687224B51AAE95F30098DCB4 /* Ressources */ = {
			isa = PBXGroup;
			children = (
				687224BA1AAE96940098DCB4 /* Lato-Bold.ttf */,
				687224BB1AAE96940098DCB4 /* Lato-Regular.ttf */,
				687224B71AAE96430098DCB4 /* Lato-Light.ttf */,
			);
			name = Ressources;
			sourceTree = "<group>";
		};
		68C1A4191A41AE0E00A17A97 /* SideMenu */ = {
			isa = PBXGroup;
			children = (
				683B868A1A41BC9500C3EA24 /* SideMenu.swift */,
				683B868B1A41BC9500C3EA24 /* SideMenuNavigationController.swift */,
			);
			name = SideMenu;
			path = ..;
			sourceTree = "<group>";
		};
		68C1A41C1A41AFC400A17A97 /* ViewControllers */ = {
			isa = PBXGroup;
			children = (
				68C1A4191A41AE0E00A17A97 /* SideMenu */,
				682B781B1AF012B600762247 /* Genrals Controlers */,
				682B781A1AEFF59C00762247 /* Menu / Connection */,
				68CCF43B1ADD69ED00E2E6D2 /* Profile */,
				68CCF43A1ADD69CD00E2E6D2 /* Nights */,
				689F19AB1A7686B500B98698 /* NewsTableViewController.swift */,
			);
			name = ViewControllers;
			sourceTree = "<group>";
		};
		68CCF43A1ADD69CD00E2E6D2 /* Nights */ = {
			isa = PBXGroup;
			children = (
				682B78191AEE125D00762247 /* Albums */,
				6837DCB51AA1C79A00115F61 /* MyNightsTableViewController .swift */,
				689F7D4C1A9DE3D900220DD4 /* NightDetailsViewController.swift */,
				688EE5621A79062F000AD63D /* NightsTableViewController.swift */,
				688EE5691A79234F000AD63D /* NightsTableViewCell.swift */,
			);
			name = Nights;
			sourceTree = "<group>";
		};
		68CCF43B1ADD69ED00E2E6D2 /* Profile */ = {
			isa = PBXGroup;
			children = (
				68F473951AADE52600C26A29 /* ProfileTableViewController.swift */,
				68CCF4381ADD69C500E2E6D2 /* EditProfileTableViewController.swift */,
			);
			name = Profile;
			sourceTree = "<group>";
		};
		68DA58FE1A33622400B3A236 /* Framworks */ = {
			isa = PBXGroup;
			children = (
				680820661B82AB1800E43B98 /* Bolts.framework */,
				680820671B82AB1800E43B98 /* Parse.framework */,
				680820681B82AB1800E43B98 /* ParseCrashReporting.framework */,
				680820691B82AB1800E43B98 /* ParseFacebookUtils.framework */,
				6808206A1B82AB1800E43B98 /* ParseFacebookUtilsV4.framework */,
				6808206B1B82AB1800E43B98 /* ParseTwitterUtils.framework */,
				6808206C1B82AB1800E43B98 /* ParseUI.framework */,
				689F7D441A9CA40B00220DD4 /* FacebookSDK.framework */,
				689F7D451A9CA40B00220DD4 /* FBAudienceNetwork.framework */,
				68DA58F71A33620F00B3A236 /* Parse.framework */,
				68DA58F81A33620F00B3A236 /* ParseFacebookUtils.framework */,
				68DA58F91A33620F00B3A236 /* ParseUI.framework */,
				68DA58EC1A3361B600B3A236 /* SystemConfiguration.framework */,
				68DA58EA1A3361AD00B3A236 /* StoreKit.framework */,
				68DA58E81A3361A700B3A236 /* Security.framework */,
				68DA58E61A3361A000B3A236 /* QuartzCore.framework */,
				68DA58E41A33619A00B3A236 /* MobileCoreServices.framework */,
				68DA58E21A33619200B3A236 /* libz.dylib */,
				68DA58E01A33618800B3A236 /* CoreAudio.framework */,
				68DA58DE1A33618000B3A236 /* CoreGraphics.framework */,
				68DA58DC1A33617700B3A236 /* CFNetwork.framework */,
				68DA58DA1A33617000B3A236 /* AudioToolbox.framework */,
			);
			name = Framworks;
			sourceTree = "<group>";
		};
		68E3291A1A1A5B8100883116 = {
			isa = PBXGroup;
			children = (
				68F6176F1B7D5F5700290867 /* PassKit.framework */,
				689719AA1AFA1C0A00D73564 /* libsqlite3.dylib */,
				68DA58FE1A33622400B3A236 /* Framworks */,
				68E329251A1A5B8100883116 /* Benight */,
				68E3293B1A1A5B8100883116 /* BenightTests */,
				68E329241A1A5B8100883116 /* Products */,
				681597B81AFEF72E003582D4 /* Images.xcassets */,
			);
			sourceTree = "<group>";
		};
		68E329241A1A5B8100883116 /* Products */ = {
			isa = PBXGroup;
			children = (
				68E329231A1A5B8100883116 /* Benight.app */,
				68E329381A1A5B8100883116 /* BenightTests.xctest */,
			);
			name = Products;
			sourceTree = "<group>";
		};
		68E329251A1A5B8100883116 /* Benight */ = {
			isa = PBXGroup;
			children = (
				68F617711B7D5F5700290867 /* Benight.entitlements */,
				687224B51AAE95F30098DCB4 /* Ressources */,
				68C1A41C1A41AFC400A17A97 /* ViewControllers */,
				68E329281A1A5B8100883116 /* AppDelegate.swift */,
				68E3292C1A1A5B8100883116 /* Main.storyboard */,
				68E329311A1A5B8100883116 /* LaunchScreen.xib */,
				680820641B82A1B400E43B98 /* TicketsGenerator.swift */,
				68E329261A1A5B8100883116 /* Supporting Files */,
				68DA58FF1A3362AE00B3A236 /* Benight-Bridging-Header.h */,
			);
			path = Benight;
			sourceTree = "<group>";
		};
		68E329261A1A5B8100883116 /* Supporting Files */ = {
			isa = PBXGroup;
			children = (
				68E329271A1A5B8100883116 /* Info.plist */,
			);
			name = "Supporting Files";
			sourceTree = "<group>";
		};
		68E3293B1A1A5B8100883116 /* BenightTests */ = {
			isa = PBXGroup;
			children = (
				68E3293E1A1A5B8100883116 /* BenightTests.swift */,
				68E3293C1A1A5B8100883116 /* Supporting Files */,
			);
			path = BenightTests;
			sourceTree = "<group>";
		};
		68E3293C1A1A5B8100883116 /* Supporting Files */ = {
			isa = PBXGroup;
			children = (
				68E3293D1A1A5B8100883116 /* Info.plist */,
			);
			name = "Supporting Files";
			sourceTree = "<group>";
		};
/* End PBXGroup section */

/* Begin PBXNativeTarget section */
		68E329221A1A5B8100883116 /* Benight */ = {
			isa = PBXNativeTarget;
			buildConfigurationList = 68E329421A1A5B8100883116 /* Build configuration list for PBXNativeTarget "Benight" */;
			buildPhases = (
				68E3291F1A1A5B8100883116 /* Sources */,
				68E329201A1A5B8100883116 /* Frameworks */,
				68E329211A1A5B8100883116 /* Resources */,
			);
			buildRules = (
			);
			dependencies = (
			);
			name = Benight;
			productName = Benight;
			productReference = 68E329231A1A5B8100883116 /* Benight.app */;
			productType = "com.apple.product-type.application";
		};
		68E329371A1A5B8100883116 /* BenightTests */ = {
			isa = PBXNativeTarget;
			buildConfigurationList = 68E329451A1A5B8100883116 /* Build configuration list for PBXNativeTarget "BenightTests" */;
			buildPhases = (
				68E329341A1A5B8100883116 /* Sources */,
				68E329351A1A5B8100883116 /* Frameworks */,
				68E329361A1A5B8100883116 /* Resources */,
			);
			buildRules = (
			);
			dependencies = (
				68E3293A1A1A5B8100883116 /* PBXTargetDependency */,
			);
			name = BenightTests;
			productName = BenightTests;
			productReference = 68E329381A1A5B8100883116 /* BenightTests.xctest */;
			productType = "com.apple.product-type.bundle.unit-test";
		};
/* End PBXNativeTarget section */

/* Begin PBXProject section */
		68E3291B1A1A5B8100883116 /* Project object */ = {
			isa = PBXProject;
			attributes = {
				LastUpgradeCheck = 0610;
				ORGANIZATIONNAME = Benight;
				TargetAttributes = {
					68E329221A1A5B8100883116 = {
						CreatedOnToolsVersion = 6.1;
						DevelopmentTeam = RK36ZAQX82;
						SystemCapabilities = {
							com.apple.Passbook = {
								enabled = 1;
							};
						};
					};
					68E329371A1A5B8100883116 = {
						CreatedOnToolsVersion = 6.1;
						TestTargetID = 68E329221A1A5B8100883116;
					};
				};
			};
			buildConfigurationList = 68E3291E1A1A5B8100883116 /* Build configuration list for PBXProject "Benight" */;
			compatibilityVersion = "Xcode 3.2";
			developmentRegion = English;
			hasScannedForEncodings = 0;
			knownRegions = (
				en,
				Base,
			);
			mainGroup = 68E3291A1A1A5B8100883116;
			productRefGroup = 68E329241A1A5B8100883116 /* Products */;
			projectDirPath = "";
			projectRoot = "";
			targets = (
				68E329221A1A5B8100883116 /* Benight */,
				68E329371A1A5B8100883116 /* BenightTests */,
			);
		};
/* End PBXProject section */

/* Begin PBXResourcesBuildPhase section */
		68E329211A1A5B8100883116 /* Resources */ = {
			isa = PBXResourcesBuildPhase;
			buildActionMask = 2147483647;
			files = (
				687224BE1AAE96940098DCB4 /* Lato-Regular.ttf in Resources */,
				681597D21AFEF72E003582D4 /* Images.xcassets in Resources */,
				687224BC1AAE96940098DCB4 /* Lato-Bold.ttf in Resources */,
				68E3292E1A1A5B8100883116 /* Main.storyboard in Resources */,
				68E329331A1A5B8100883116 /* LaunchScreen.xib in Resources */,
				687224B81AAE96430098DCB4 /* Lato-Light.ttf in Resources */,
			);
			runOnlyForDeploymentPostprocessing = 0;
		};
		68E329361A1A5B8100883116 /* Resources */ = {
			isa = PBXResourcesBuildPhase;
			buildActionMask = 2147483647;
			files = (
				687224B91AAE96430098DCB4 /* Lato-Light.ttf in Resources */,
				687224BF1AAE96940098DCB4 /* Lato-Regular.ttf in Resources */,
				687224BD1AAE96940098DCB4 /* Lato-Bold.ttf in Resources */,
			);
			runOnlyForDeploymentPostprocessing = 0;
		};
/* End PBXResourcesBuildPhase section */

/* Begin PBXSourcesBuildPhase section */
		68E3291F1A1A5B8100883116 /* Sources */ = {
			isa = PBXSourcesBuildPhase;
			buildActionMask = 2147483647;
			files = (
				68F473961AADE52600C26A29 /* ProfileTableViewController.swift in Sources */,
				68E3292B1A1A5B8100883116 /* ConnectViewController.swift in Sources */,
				683B868D1A41BC9500C3EA24 /* SideMenuNavigationController.swift in Sources */,
				68E329291A1A5B8100883116 /* AppDelegate.swift in Sources */,
				68745AEF1A97891700A3AC30 /* CreateAccountViewController.swift in Sources */,
				689F7D4D1A9DE3D900220DD4 /* NightDetailsViewController.swift in Sources */,
				688EE5631A79062F000AD63D /* NightsTableViewController.swift in Sources */,
				682B78141AEE0B9200762247 /* AlbumPhotosViewController.swift in Sources */,
				682B78181AEE11D500762247 /* AlbumPhotoCell.swift in Sources */,
				680820651B82A1B400E43B98 /* TicketsGenerator.swift in Sources */,
				68F473941AAD694E00C26A29 /* ResponsiveTextFieldViewController.swift in Sources */,
				682B78161AEE0C5300762247 /* FlickrSearcher.swift in Sources */,
				68CCF4391ADD69C500E2E6D2 /* EditProfileTableViewController.swift in Sources */,
				688EE56A1A79234F000AD63D /* NightsTableViewCell.swift in Sources */,
				683B868F1A41BCB300C3EA24 /* MyNavigationController.swift in Sources */,
				689F19AC1A7686B500B98698 /* NewsTableViewController.swift in Sources */,
				6837DCB61AA1C79A00115F61 /* MyNightsTableViewController .swift in Sources */,
				683B868C1A41BC9500C3EA24 /* SideMenu.swift in Sources */,
				68C1A41B1A41AFBC00A17A97 /* MyMenuTableViewController.swift in Sources */,
			);
			runOnlyForDeploymentPostprocessing = 0;
		};
		68E329341A1A5B8100883116 /* Sources */ = {
			isa = PBXSourcesBuildPhase;
			buildActionMask = 2147483647;
			files = (
				68E3293F1A1A5B8100883116 /* BenightTests.swift in Sources */,
			);
			runOnlyForDeploymentPostprocessing = 0;
		};
/* End PBXSourcesBuildPhase section */

/* Begin PBXTargetDependency section */
		68E3293A1A1A5B8100883116 /* PBXTargetDependency */ = {
			isa = PBXTargetDependency;
			target = 68E329221A1A5B8100883116 /* Benight */;
			targetProxy = 68E329391A1A5B8100883116 /* PBXContainerItemProxy */;
		};
/* End PBXTargetDependency section */

/* Begin PBXVariantGroup section */
		68E3292C1A1A5B8100883116 /* Main.storyboard */ = {
			isa = PBXVariantGroup;
			children = (
				68E3292D1A1A5B8100883116 /* Base */,
			);
			name = Main.storyboard;
			sourceTree = "<group>";
		};
		68E329311A1A5B8100883116 /* LaunchScreen.xib */ = {
			isa = PBXVariantGroup;
			children = (
				68E329321A1A5B8100883116 /* Base */,
			);
			name = LaunchScreen.xib;
			sourceTree = "<group>";
		};
/* End PBXVariantGroup section */

/* Begin XCBuildConfiguration section */
		68E329401A1A5B8100883116 /* Debug */ = {
			isa = XCBuildConfiguration;
			buildSettings = {
				ALWAYS_SEARCH_USER_PATHS = NO;
				CLANG_CXX_LANGUAGE_STANDARD = "gnu++0x";
				CLANG_CXX_LIBRARY = "libc++";
				CLANG_ENABLE_MODULES = YES;
				CLANG_ENABLE_OBJC_ARC = YES;
				CLANG_WARN_BOOL_CONVERSION = YES;
				CLANG_WARN_CONSTANT_CONVERSION = YES;
				CLANG_WARN_DIRECT_OBJC_ISA_USAGE = YES_ERROR;
				CLANG_WARN_EMPTY_BODY = YES;
				CLANG_WARN_ENUM_CONVERSION = YES;
				CLANG_WARN_INT_CONVERSION = YES;
				CLANG_WARN_OBJC_ROOT_CLASS = YES_ERROR;
				CLANG_WARN_UNREACHABLE_CODE = YES;
				CLANG_WARN__DUPLICATE_METHOD_MATCH = YES;
				"CODE_SIGN_IDENTITY[sdk=iphoneos*]" = "iPhone Developer";
				COPY_PHASE_STRIP = NO;
				ENABLE_STRICT_OBJC_MSGSEND = YES;
				GCC_C_LANGUAGE_STANDARD = gnu99;
				GCC_DYNAMIC_NO_PIC = NO;
				GCC_OPTIMIZATION_LEVEL = 0;
				GCC_PREPROCESSOR_DEFINITIONS = (
					"DEBUG=1",
					"$(inherited)",
				);
				GCC_SYMBOLS_PRIVATE_EXTERN = NO;
				GCC_WARN_64_TO_32_BIT_CONVERSION = YES;
				GCC_WARN_ABOUT_RETURN_TYPE = YES_ERROR;
				GCC_WARN_UNDECLARED_SELECTOR = YES;
				GCC_WARN_UNINITIALIZED_AUTOS = YES_AGGRESSIVE;
				GCC_WARN_UNUSED_FUNCTION = YES;
				GCC_WARN_UNUSED_VARIABLE = YES;
				IPHONEOS_DEPLOYMENT_TARGET = 8.1;
				MTL_ENABLE_DEBUG_INFO = YES;
				ONLY_ACTIVE_ARCH = YES;
				SDKROOT = iphoneos;
				SWIFT_OPTIMIZATION_LEVEL = "-Onone";
				TARGETED_DEVICE_FAMILY = "1,2";
			};
			name = Debug;
		};
		68E329411A1A5B8100883116 /* Release */ = {
			isa = XCBuildConfiguration;
			buildSettings = {
				ALWAYS_SEARCH_USER_PATHS = NO;
				CLANG_CXX_LANGUAGE_STANDARD = "gnu++0x";
				CLANG_CXX_LIBRARY = "libc++";
				CLANG_ENABLE_MODULES = YES;
				CLANG_ENABLE_OBJC_ARC = YES;
				CLANG_WARN_BOOL_CONVERSION = YES;
				CLANG_WARN_CONSTANT_CONVERSION = YES;
				CLANG_WARN_DIRECT_OBJC_ISA_USAGE = YES_ERROR;
				CLANG_WARN_EMPTY_BODY = YES;
				CLANG_WARN_ENUM_CONVERSION = YES;
				CLANG_WARN_INT_CONVERSION = YES;
				CLANG_WARN_OBJC_ROOT_CLASS = YES_ERROR;
				CLANG_WARN_UNREACHABLE_CODE = YES;
				CLANG_WARN__DUPLICATE_METHOD_MATCH = YES;
				"CODE_SIGN_IDENTITY[sdk=iphoneos*]" = "iPhone Developer";
				COPY_PHASE_STRIP = YES;
				ENABLE_NS_ASSERTIONS = NO;
				ENABLE_STRICT_OBJC_MSGSEND = YES;
				GCC_C_LANGUAGE_STANDARD = gnu99;
				GCC_WARN_64_TO_32_BIT_CONVERSION = YES;
				GCC_WARN_ABOUT_RETURN_TYPE = YES_ERROR;
				GCC_WARN_UNDECLARED_SELECTOR = YES;
				GCC_WARN_UNINITIALIZED_AUTOS = YES_AGGRESSIVE;
				GCC_WARN_UNUSED_FUNCTION = YES;
				GCC_WARN_UNUSED_VARIABLE = YES;
				IPHONEOS_DEPLOYMENT_TARGET = 8.1;
				MTL_ENABLE_DEBUG_INFO = NO;
				SDKROOT = iphoneos;
				TARGETED_DEVICE_FAMILY = "1,2";
				VALIDATE_PRODUCT = YES;
			};
			name = Release;
		};
		68E329431A1A5B8100883116 /* Debug */ = {
			isa = XCBuildConfiguration;
			buildSettings = {
				ASSETCATALOG_COMPILER_APPICON_NAME = AppIcon;
				CLANG_ENABLE_MODULES = YES;
				CODE_SIGN_IDENTITY = "iPhone Developer";
				"CODE_SIGN_IDENTITY[sdk=iphoneos*]" = "iPhone Developer";
				FRAMEWORK_SEARCH_PATHS = (
					"$(inherited)",
					"$(PROJECT_DIR)/Benight/Framwork",
					"$(PROJECT_DIR)",
					"/Users/Kylyu/Downloads/parse-library-1-2",
				);
				INFOPLIST_FILE = Benight/Info.plist;
				LD_RUNPATH_SEARCH_PATHS = "$(inherited) @executable_path/Frameworks";
				PRODUCT_NAME = "$(TARGET_NAME)";
				PROVISIONING_PROFILE = "";
				SWIFT_OBJC_BRIDGING_HEADER = "Benight/Benight-Bridging-Header.h";
				SWIFT_OPTIMIZATION_LEVEL = "-Onone";
			};
			name = Debug;
		};
		68E329441A1A5B8100883116 /* Release */ = {
			isa = XCBuildConfiguration;
			buildSettings = {
				ASSETCATALOG_COMPILER_APPICON_NAME = AppIcon;
				CLANG_ENABLE_MODULES = YES;
				CODE_SIGN_IDENTITY = "iPhone Developer";
				"CODE_SIGN_IDENTITY[sdk=iphoneos*]" = "iPhone Developer";
				FRAMEWORK_SEARCH_PATHS = (
					"$(inherited)",
					"$(PROJECT_DIR)/Benight/Framwork",
					"$(PROJECT_DIR)",
					"/Users/Kylyu/Downloads/parse-library-1-2",
				);
				INFOPLIST_FILE = Benight/Info.plist;
				LD_RUNPATH_SEARCH_PATHS = "$(inherited) @executable_path/Frameworks";
				PRODUCT_NAME = "$(TARGET_NAME)";
				PROVISIONING_PROFILE = "";
				SWIFT_OBJC_BRIDGING_HEADER = "Benight/Benight-Bridging-Header.h";
			};
			name = Release;
		};
		68E329461A1A5B8100883116 /* Debug */ = {
			isa = XCBuildConfiguration;
			buildSettings = {
				BUNDLE_LOADER = "$(TEST_HOST)";
				FRAMEWORK_SEARCH_PATHS = (
					"$(SDKROOT)/Developer/Library/Frameworks",
					"$(inherited)",
				);
				GCC_PREPROCESSOR_DEFINITIONS = (
					"DEBUG=1",
					"$(inherited)",
				);
				INFOPLIST_FILE = BenightTests/Info.plist;
				LD_RUNPATH_SEARCH_PATHS = "$(inherited) @executable_path/Frameworks @loader_path/Frameworks";
				PRODUCT_NAME = "$(TARGET_NAME)";
				TEST_HOST = "$(BUILT_PRODUCTS_DIR)/Benight.app/Benight";
			};
			name = Debug;
		};
		68E329471A1A5B8100883116 /* Release */ = {
			isa = XCBuildConfiguration;
			buildSettings = {
				BUNDLE_LOADER = "$(TEST_HOST)";
				FRAMEWORK_SEARCH_PATHS = (
					"$(SDKROOT)/Developer/Library/Frameworks",
					"$(inherited)",
				);
				INFOPLIST_FILE = BenightTests/Info.plist;
				LD_RUNPATH_SEARCH_PATHS = "$(inherited) @executable_path/Frameworks @loader_path/Frameworks";
				PRODUCT_NAME = "$(TARGET_NAME)";
				TEST_HOST = "$(BUILT_PRODUCTS_DIR)/Benight.app/Benight";
			};
			name = Release;
		};
/* End XCBuildConfiguration section */

/* Begin XCConfigurationList section */
		68E3291E1A1A5B8100883116 /* Build configuration list for PBXProject "Benight" */ = {
			isa = XCConfigurationList;
			buildConfigurations = (
				68E329401A1A5B8100883116 /* Debug */,
				68E329411A1A5B8100883116 /* Release */,
			);
			defaultConfigurationIsVisible = 0;
			defaultConfigurationName = Release;
		};
		68E329421A1A5B8100883116 /* Build configuration list for PBXNativeTarget "Benight" */ = {
			isa = XCConfigurationList;
			buildConfigurations = (
				68E329431A1A5B8100883116 /* Debug */,
				68E329441A1A5B8100883116 /* Release */,
			);
			defaultConfigurationIsVisible = 0;
			defaultConfigurationName = Release;
		};
		68E329451A1A5B8100883116 /* Build configuration list for PBXNativeTarget "BenightTests" */ = {
			isa = XCConfigurationList;
			buildConfigurations = (
				68E329461A1A5B8100883116 /* Debug */,
				68E329471A1A5B8100883116 /* Release */,
			);
			defaultConfigurationIsVisible = 0;
			defaultConfigurationName = Release;
		};
/* End XCConfigurationList section */
	};
	rootObject = 68E3291B1A1A5B8100883116 /* Project object */;
}
